
Microsoft Visual Studio Solution File, Format Version 12.00
Project("{2150E333-8FDC-42A3-9474-1A3956D46DE8}") = "Solution Items", "Solution Items", "{63F75859-4698-4EDE-8B70-4ACBB8BC425A}"
	ProjectSection(SolutionItems) = preProject
		LICENSE = LICENSE
		README.md = README.md
	EndProjectSection
EndProject
Project("{FAE04EC0-301F-11D3-BF4B-00C04F79EFBC}") = "Sander0542.Extensions.Caching.EntityFramework", "src\Sander0542.Extensions.Caching.EntityFramework\Sander0542.Extensions.Caching.EntityFramework.csproj", "{4CF45EDB-6F3E-40EE-A0C9-FDEBD828B064}"
EndProject
Project("{2150E333-8FDC-42A3-9474-1A3956D46DE8}") = "src", "src", "{C05EF586-A276-4F11-B0AA-EE7305107B0D}"
EndProject
Project("{2150E333-8FDC-42A3-9474-1A3956D46DE8}") = "tests", "tests", "{2F3E6DEF-EA9C-4B19-BEFC-0B904811C3E7}"
EndProject
Project("{FAE04EC0-301F-11D3-BF4B-00C04F79EFBC}") = "Sander0542.Extensions.Caching.EntityFramework.Tests", "test\Sander0542.Extensions.Caching.EntityFramework.Tests\Sander0542.Extensions.Caching.EntityFramework.Tests.csproj", "{07D954EF-907B-49E3-B987-E1D3FBB12958}"
EndProject
Global
	GlobalSection(SolutionConfigurationPlatforms) = preSolution
		Debug|Any CPU = Debug|Any CPU
		Release|Any CPU = Release|Any CPU
	EndGlobalSection
	GlobalSection(ProjectConfigurationPlatforms) = postSolution
		{4CF45EDB-6F3E-40EE-A0C9-FDEBD828B064}.Debug|Any CPU.ActiveCfg = Debug|Any CPU
		{4CF45EDB-6F3E-40EE-A0C9-FDEBD828B064}.Debug|Any CPU.Build.0 = Debug|Any CPU
		{4CF45EDB-6F3E-40EE-A0C9-FDEBD828B064}.Release|Any CPU.ActiveCfg = Release|Any CPU
		{4CF45EDB-6F3E-40EE-A0C9-FDEBD828B064}.Release|Any CPU.Build.0 = Release|Any CPU
		{07D954EF-907B-49E3-B987-E1D3FBB12958}.Debug|Any CPU.ActiveCfg = Debug|Any CPU
		{07D954EF-907B-49E3-B987-E1D3FBB12958}.Debug|Any CPU.Build.0 = Debug|Any CPU
		{07D954EF-907B-49E3-B987-E1D3FBB12958}.Release|Any CPU.ActiveCfg = Release|Any CPU
		{07D954EF-907B-49E3-B987-E1D3FBB12958}.Release|Any CPU.Build.0 = Release|Any CPU
	EndGlobalSection
	GlobalSection(NestedProjects) = preSolution
		{4CF45EDB-6F3E-40EE-A0C9-FDEBD828B064} = {C05EF586-A276-4F11-B0AA-EE7305107B0D}
		{07D954EF-907B-49E3-B987-E1D3FBB12958} = {2F3E6DEF-EA9C-4B19-BEFC-0B904811C3E7}
	EndGlobalSection
EndGlobal
